// !$*UTF8*$!
{
	archiveVersion = 1;
	classes = {
	};
	objectVersion = 46;
	objects = {

/* Begin PBXBuildFile section */
		3D4C240B0E84B6CDE055875F /* Pods_TuneWorld.framework in Frameworks */ = {isa = PBXBuildFile; fileRef = FF79CD054E2513737541C268 /* Pods_TuneWorld.framework */; };
		A312C79C94E31B368FAAF12C /* Pods_TuneWorldTests.framework in Frameworks */ = {isa = PBXBuildFile; fileRef = 68936A929E6DDD6A3E17F7D9 /* Pods_TuneWorldTests.framework */; };
		CE67DBE31ECE369200151478 /* AVFoundation.framework in Frameworks */ = {isa = PBXBuildFile; fileRef = CE67DBE21ECE369200151478 /* AVFoundation.framework */; };
		CE67DBE51ECE369A00151478 /* SystemConfiguration.framework in Frameworks */ = {isa = PBXBuildFile; fileRef = CE67DBE41ECE369A00151478 /* SystemConfiguration.framework */; };
		CE67DC301ECE47D300151478 /* SpotifyAudioPlayback.framework in Frameworks */ = {isa = PBXBuildFile; fileRef = CE67DC2D1ECE47D300151478 /* SpotifyAudioPlayback.framework */; };
		CE67DC311ECE47D300151478 /* SpotifyAuthentication.framework in Frameworks */ = {isa = PBXBuildFile; fileRef = CE67DC2E1ECE47D300151478 /* SpotifyAuthentication.framework */; };
		CE67DC321ECE47D300151478 /* SpotifyMetadata.framework in Frameworks */ = {isa = PBXBuildFile; fileRef = CE67DC2F1ECE47D300151478 /* SpotifyMetadata.framework */; };
		CED3B5521ECA56C700D1FBD4 /* AppDelegate.swift in Sources */ = {isa = PBXBuildFile; fileRef = CED3B5511ECA56C700D1FBD4 /* AppDelegate.swift */; };
		CED3B5571ECA56C700D1FBD4 /* Main.storyboard in Resources */ = {isa = PBXBuildFile; fileRef = CED3B5551ECA56C700D1FBD4 /* Main.storyboard */; };
		CED3B55A1ECA56C700D1FBD4 /* TuneWorld.xcdatamodeld in Sources */ = {isa = PBXBuildFile; fileRef = CED3B5581ECA56C700D1FBD4 /* TuneWorld.xcdatamodeld */; };
		CED3B55C1ECA56C700D1FBD4 /* Assets.xcassets in Resources */ = {isa = PBXBuildFile; fileRef = CED3B55B1ECA56C700D1FBD4 /* Assets.xcassets */; };
		CED3B55F1ECA56C700D1FBD4 /* LaunchScreen.storyboard in Resources */ = {isa = PBXBuildFile; fileRef = CED3B55D1ECA56C700D1FBD4 /* LaunchScreen.storyboard */; };
		CED3B56A1ECA56C700D1FBD4 /* TuneWorldTests.swift in Sources */ = {isa = PBXBuildFile; fileRef = CED3B5691ECA56C700D1FBD4 /* TuneWorldTests.swift */; };
		CED3B5751ECA56C700D1FBD4 /* TuneWorldUITests.swift in Sources */ = {isa = PBXBuildFile; fileRef = CED3B5741ECA56C700D1FBD4 /* TuneWorldUITests.swift */; };
		D93285E01ED3DA7F00563A29 /* TabBarViewController.swift in Sources */ = {isa = PBXBuildFile; fileRef = D93285DF1ED3DA7F00563A29 /* TabBarViewController.swift */; };
		D93285E21ED4AFD600563A29 /* SongViewController.swift in Sources */ = {isa = PBXBuildFile; fileRef = D93285E11ED4AFD600563A29 /* SongViewController.swift */; };
		D989222B1EDB5C7D00CCC04A /* QuartzCore.framework in Frameworks */ = {isa = PBXBuildFile; fileRef = D989222A1EDB5C7D00CCC04A /* QuartzCore.framework */; };
		D98AC12B1ECEA7B4004DBC29 /* AlbumTableViewController.swift in Sources */ = {isa = PBXBuildFile; fileRef = D98AC12A1ECEA7B4004DBC29 /* AlbumTableViewController.swift */; };
		D98AC12D1ECEA7CE004DBC29 /* WorldMapViewController.swift in Sources */ = {isa = PBXBuildFile; fileRef = D98AC12C1ECEA7CE004DBC29 /* WorldMapViewController.swift */; };
		D98AC1311ECF42D0004DBC29 /* AddPlaylistViewController.swift in Sources */ = {isa = PBXBuildFile; fileRef = D98AC1301ECF42D0004DBC29 /* AddPlaylistViewController.swift */; };
		D98AC1331ECF43BE004DBC29 /* PlaylistTableViewController.swift in Sources */ = {isa = PBXBuildFile; fileRef = D98AC1321ECF43BE004DBC29 /* PlaylistTableViewController.swift */; };
		D98AC1351ECF6B2A004DBC29 /* ModelManager.swift in Sources */ = {isa = PBXBuildFile; fileRef = D98AC1341ECF6B2A004DBC29 /* ModelManager.swift */; };
		D98AC1371ED0FB42004DBC29 /* MusicAdapter.swift in Sources */ = {isa = PBXBuildFile; fileRef = D98AC1361ED0FB42004DBC29 /* MusicAdapter.swift */; };
		D98AC1391ED1FB11004DBC29 /* LoginViewController.swift in Sources */ = {isa = PBXBuildFile; fileRef = D98AC1381ED1FB11004DBC29 /* LoginViewController.swift */; };
		FFAFE050EC190444829A4E20 /* Pods_TuneWorldUITests.framework in Frameworks */ = {isa = PBXBuildFile; fileRef = C44124069BD6513866BCBE7B /* Pods_TuneWorldUITests.framework */; };
/* End PBXBuildFile section */

/* Begin PBXContainerItemProxy section */
		CED3B5661ECA56C700D1FBD4 /* PBXContainerItemProxy */ = {
			isa = PBXContainerItemProxy;
			containerPortal = CED3B5461ECA56C700D1FBD4 /* Project object */;
			proxyType = 1;
			remoteGlobalIDString = CED3B54D1ECA56C700D1FBD4;
			remoteInfo = TuneWorld;
		};
		CED3B5711ECA56C700D1FBD4 /* PBXContainerItemProxy */ = {
			isa = PBXContainerItemProxy;
			containerPortal = CED3B5461ECA56C700D1FBD4 /* Project object */;
			proxyType = 1;
			remoteGlobalIDString = CED3B54D1ECA56C700D1FBD4;
			remoteInfo = TuneWorld;
		};
/* End PBXContainerItemProxy section */

/* Begin PBXFileReference section */
		2107E0F181242542AB233DA7 /* Pods-TuneWorldUITests.debug.xcconfig */ = {isa = PBXFileReference; includeInIndex = 1; lastKnownFileType = text.xcconfig; name = "Pods-TuneWorldUITests.debug.xcconfig"; path = "Pods/Target Support Files/Pods-TuneWorldUITests/Pods-TuneWorldUITests.debug.xcconfig"; sourceTree = "<group>"; };
		68936A929E6DDD6A3E17F7D9 /* Pods_TuneWorldTests.framework */ = {isa = PBXFileReference; explicitFileType = wrapper.framework; includeInIndex = 0; path = Pods_TuneWorldTests.framework; sourceTree = BUILT_PRODUCTS_DIR; };
		7B7DF7B7DAF1EDBB523801D8 /* Pods-TuneWorld.debug.xcconfig */ = {isa = PBXFileReference; includeInIndex = 1; lastKnownFileType = text.xcconfig; name = "Pods-TuneWorld.debug.xcconfig"; path = "Pods/Target Support Files/Pods-TuneWorld/Pods-TuneWorld.debug.xcconfig"; sourceTree = "<group>"; };
		8675A18A41A99C86AD69C205 /* Pods-TuneWorldTests.release.xcconfig */ = {isa = PBXFileReference; includeInIndex = 1; lastKnownFileType = text.xcconfig; name = "Pods-TuneWorldTests.release.xcconfig"; path = "Pods/Target Support Files/Pods-TuneWorldTests/Pods-TuneWorldTests.release.xcconfig"; sourceTree = "<group>"; };
		95A3C4FB9283990A9C1FD647 /* Pods-TuneWorldTests.debug.xcconfig */ = {isa = PBXFileReference; includeInIndex = 1; lastKnownFileType = text.xcconfig; name = "Pods-TuneWorldTests.debug.xcconfig"; path = "Pods/Target Support Files/Pods-TuneWorldTests/Pods-TuneWorldTests.debug.xcconfig"; sourceTree = "<group>"; };
		9D1A3EB6DAC9C5C4806FF122 /* Pods-TuneWorldUITests.release.xcconfig */ = {isa = PBXFileReference; includeInIndex = 1; lastKnownFileType = text.xcconfig; name = "Pods-TuneWorldUITests.release.xcconfig"; path = "Pods/Target Support Files/Pods-TuneWorldUITests/Pods-TuneWorldUITests.release.xcconfig"; sourceTree = "<group>"; };
		C44124069BD6513866BCBE7B /* Pods_TuneWorldUITests.framework */ = {isa = PBXFileReference; explicitFileType = wrapper.framework; includeInIndex = 0; path = Pods_TuneWorldUITests.framework; sourceTree = BUILT_PRODUCTS_DIR; };
		CE67DBE21ECE369200151478 /* AVFoundation.framework */ = {isa = PBXFileReference; lastKnownFileType = wrapper.framework; name = AVFoundation.framework; path = System/Library/Frameworks/AVFoundation.framework; sourceTree = SDKROOT; };
		CE67DBE41ECE369A00151478 /* SystemConfiguration.framework */ = {isa = PBXFileReference; lastKnownFileType = wrapper.framework; name = SystemConfiguration.framework; path = System/Library/Frameworks/SystemConfiguration.framework; sourceTree = SDKROOT; };
		CE67DC2D1ECE47D300151478 /* SpotifyAudioPlayback.framework */ = {isa = PBXFileReference; lastKnownFileType = wrapper.framework; path = SpotifyAudioPlayback.framework; sourceTree = "<group>"; };
		CE67DC2E1ECE47D300151478 /* SpotifyAuthentication.framework */ = {isa = PBXFileReference; lastKnownFileType = wrapper.framework; path = SpotifyAuthentication.framework; sourceTree = "<group>"; };
		CE67DC2F1ECE47D300151478 /* SpotifyMetadata.framework */ = {isa = PBXFileReference; lastKnownFileType = wrapper.framework; path = SpotifyMetadata.framework; sourceTree = "<group>"; };
		CE67DC331ECE486700151478 /* TuneWorld-Bridging-Header.h */ = {isa = PBXFileReference; lastKnownFileType = sourcecode.c.h; path = "TuneWorld-Bridging-Header.h"; sourceTree = "<group>"; };
		CED3B54E1ECA56C700D1FBD4 /* TuneWorld.app */ = {isa = PBXFileReference; explicitFileType = wrapper.application; includeInIndex = 0; path = TuneWorld.app; sourceTree = BUILT_PRODUCTS_DIR; };
		CED3B5511ECA56C700D1FBD4 /* AppDelegate.swift */ = {isa = PBXFileReference; lastKnownFileType = sourcecode.swift; path = AppDelegate.swift; sourceTree = "<group>"; };
		CED3B5561ECA56C700D1FBD4 /* Base */ = {isa = PBXFileReference; lastKnownFileType = file.storyboard; name = Base; path = Base.lproj/Main.storyboard; sourceTree = "<group>"; };
		CED3B5591ECA56C700D1FBD4 /* TuneWorld.xcdatamodel */ = {isa = PBXFileReference; lastKnownFileType = wrapper.xcdatamodel; path = TuneWorld.xcdatamodel; sourceTree = "<group>"; };
		CED3B55B1ECA56C700D1FBD4 /* Assets.xcassets */ = {isa = PBXFileReference; lastKnownFileType = folder.assetcatalog; path = Assets.xcassets; sourceTree = "<group>"; };
		CED3B55E1ECA56C700D1FBD4 /* Base */ = {isa = PBXFileReference; lastKnownFileType = file.storyboard; name = Base; path = Base.lproj/LaunchScreen.storyboard; sourceTree = "<group>"; };
		CED3B5601ECA56C700D1FBD4 /* Info.plist */ = {isa = PBXFileReference; lastKnownFileType = text.plist.xml; path = Info.plist; sourceTree = "<group>"; };
		CED3B5651ECA56C700D1FBD4 /* TuneWorldTests.xctest */ = {isa = PBXFileReference; explicitFileType = wrapper.cfbundle; includeInIndex = 0; path = TuneWorldTests.xctest; sourceTree = BUILT_PRODUCTS_DIR; };
		CED3B5691ECA56C700D1FBD4 /* TuneWorldTests.swift */ = {isa = PBXFileReference; lastKnownFileType = sourcecode.swift; path = TuneWorldTests.swift; sourceTree = "<group>"; };
		CED3B56B1ECA56C700D1FBD4 /* Info.plist */ = {isa = PBXFileReference; lastKnownFileType = text.plist.xml; path = Info.plist; sourceTree = "<group>"; };
		CED3B5701ECA56C700D1FBD4 /* TuneWorldUITests.xctest */ = {isa = PBXFileReference; explicitFileType = wrapper.cfbundle; includeInIndex = 0; path = TuneWorldUITests.xctest; sourceTree = BUILT_PRODUCTS_DIR; };
		CED3B5741ECA56C700D1FBD4 /* TuneWorldUITests.swift */ = {isa = PBXFileReference; lastKnownFileType = sourcecode.swift; path = TuneWorldUITests.swift; sourceTree = "<group>"; };
		CED3B5761ECA56C700D1FBD4 /* Info.plist */ = {isa = PBXFileReference; lastKnownFileType = text.plist.xml; path = Info.plist; sourceTree = "<group>"; };
		D7ABD93CF9F57A6ADC0D0914 /* Pods-TuneWorld.release.xcconfig */ = {isa = PBXFileReference; includeInIndex = 1; lastKnownFileType = text.xcconfig; name = "Pods-TuneWorld.release.xcconfig"; path = "Pods/Target Support Files/Pods-TuneWorld/Pods-TuneWorld.release.xcconfig"; sourceTree = "<group>"; };
		D93285DF1ED3DA7F00563A29 /* TabBarViewController.swift */ = {isa = PBXFileReference; fileEncoding = 4; lastKnownFileType = sourcecode.swift; path = TabBarViewController.swift; sourceTree = "<group>"; };
		D93285E11ED4AFD600563A29 /* SongViewController.swift */ = {isa = PBXFileReference; fileEncoding = 4; lastKnownFileType = sourcecode.swift; path = SongViewController.swift; sourceTree = "<group>"; };
		D97AE0241ED68B76006F3CE3 /* TuneWorld_Updated.xcdatamodel */ = {isa = PBXFileReference; lastKnownFileType = wrapper.xcdatamodel; path = TuneWorld_Updated.xcdatamodel; sourceTree = "<group>"; };
		D989222A1EDB5C7D00CCC04A /* QuartzCore.framework */ = {isa = PBXFileReference; lastKnownFileType = wrapper.framework; name = QuartzCore.framework; path = System/Library/Frameworks/QuartzCore.framework; sourceTree = SDKROOT; };
		D98AC12A1ECEA7B4004DBC29 /* AlbumTableViewController.swift */ = {isa = PBXFileReference; fileEncoding = 4; lastKnownFileType = sourcecode.swift; path = AlbumTableViewController.swift; sourceTree = "<group>"; };
		D98AC12C1ECEA7CE004DBC29 /* WorldMapViewController.swift */ = {isa = PBXFileReference; fileEncoding = 4; lastKnownFileType = sourcecode.swift; path = WorldMapViewController.swift; sourceTree = "<group>"; };
		D98AC1301ECF42D0004DBC29 /* AddPlaylistViewController.swift */ = {isa = PBXFileReference; fileEncoding = 4; lastKnownFileType = sourcecode.swift; path = AddPlaylistViewController.swift; sourceTree = "<group>"; };
		D98AC1321ECF43BE004DBC29 /* PlaylistTableViewController.swift */ = {isa = PBXFileReference; fileEncoding = 4; lastKnownFileType = sourcecode.swift; path = PlaylistTableViewController.swift; sourceTree = "<group>"; };
		D98AC1341ECF6B2A004DBC29 /* ModelManager.swift */ = {isa = PBXFileReference; fileEncoding = 4; lastKnownFileType = sourcecode.swift; path = ModelManager.swift; sourceTree = "<group>"; };
		D98AC1361ED0FB42004DBC29 /* MusicAdapter.swift */ = {isa = PBXFileReference; fileEncoding = 4; lastKnownFileType = sourcecode.swift; path = MusicAdapter.swift; sourceTree = "<group>"; };
		D98AC1381ED1FB11004DBC29 /* LoginViewController.swift */ = {isa = PBXFileReference; fileEncoding = 4; lastKnownFileType = sourcecode.swift; path = LoginViewController.swift; sourceTree = "<group>"; };
		FF79CD054E2513737541C268 /* Pods_TuneWorld.framework */ = {isa = PBXFileReference; explicitFileType = wrapper.framework; includeInIndex = 0; path = Pods_TuneWorld.framework; sourceTree = BUILT_PRODUCTS_DIR; };
/* End PBXFileReference section */

/* Begin PBXFrameworksBuildPhase section */
		CED3B54B1ECA56C700D1FBD4 /* Frameworks */ = {
			isa = PBXFrameworksBuildPhase;
			buildActionMask = 2147483647;
			files = (
				D989222B1EDB5C7D00CCC04A /* QuartzCore.framework in Frameworks */,
				CE67DC311ECE47D300151478 /* SpotifyAuthentication.framework in Frameworks */,
				CE67DBE51ECE369A00151478 /* SystemConfiguration.framework in Frameworks */,
				CE67DC301ECE47D300151478 /* SpotifyAudioPlayback.framework in Frameworks */,
				CE67DBE31ECE369200151478 /* AVFoundation.framework in Frameworks */,
				CE67DC321ECE47D300151478 /* SpotifyMetadata.framework in Frameworks */,
				3D4C240B0E84B6CDE055875F /* Pods_TuneWorld.framework in Frameworks */,
			);
			runOnlyForDeploymentPostprocessing = 0;
		};
		CED3B5621ECA56C700D1FBD4 /* Frameworks */ = {
			isa = PBXFrameworksBuildPhase;
			buildActionMask = 2147483647;
			files = (
				A312C79C94E31B368FAAF12C /* Pods_TuneWorldTests.framework in Frameworks */,
			);
			runOnlyForDeploymentPostprocessing = 0;
		};
		CED3B56D1ECA56C700D1FBD4 /* Frameworks */ = {
			isa = PBXFrameworksBuildPhase;
			buildActionMask = 2147483647;
			files = (
				FFAFE050EC190444829A4E20 /* Pods_TuneWorldUITests.framework in Frameworks */,
			);
			runOnlyForDeploymentPostprocessing = 0;
		};
/* End PBXFrameworksBuildPhase section */

/* Begin PBXGroup section */
		24E79A3DEC9E091AD861E14E /* Frameworks */ = {
			isa = PBXGroup;
			children = (
				D989222A1EDB5C7D00CCC04A /* QuartzCore.framework */,
				CE67DC2D1ECE47D300151478 /* SpotifyAudioPlayback.framework */,
				CE67DC2E1ECE47D300151478 /* SpotifyAuthentication.framework */,
				CE67DC2F1ECE47D300151478 /* SpotifyMetadata.framework */,
				CE67DBE41ECE369A00151478 /* SystemConfiguration.framework */,
				CE67DBE21ECE369200151478 /* AVFoundation.framework */,
				FF79CD054E2513737541C268 /* Pods_TuneWorld.framework */,
				68936A929E6DDD6A3E17F7D9 /* Pods_TuneWorldTests.framework */,
				C44124069BD6513866BCBE7B /* Pods_TuneWorldUITests.framework */,
			);
			name = Frameworks;
			sourceTree = "<group>";
		};
		CED3B5451ECA56C700D1FBD4 = {
			isa = PBXGroup;
			children = (
				CED3B5501ECA56C700D1FBD4 /* TuneWorld */,
				CED3B5681ECA56C700D1FBD4 /* TuneWorldTests */,
				CED3B5731ECA56C700D1FBD4 /* TuneWorldUITests */,
				CED3B54F1ECA56C700D1FBD4 /* Products */,
				E0AA23A6AA89F70A20BA0FBA /* Pods */,
				24E79A3DEC9E091AD861E14E /* Frameworks */,
			);
			sourceTree = "<group>";
		};
		CED3B54F1ECA56C700D1FBD4 /* Products */ = {
			isa = PBXGroup;
			children = (
				CED3B54E1ECA56C700D1FBD4 /* TuneWorld.app */,
				CED3B5651ECA56C700D1FBD4 /* TuneWorldTests.xctest */,
				CED3B5701ECA56C700D1FBD4 /* TuneWorldUITests.xctest */,
			);
			name = Products;
			sourceTree = "<group>";
		};
		CED3B5501ECA56C700D1FBD4 /* TuneWorld */ = {
			isa = PBXGroup;
			children = (
				D98AC1301ECF42D0004DBC29 /* AddPlaylistViewController.swift */,
				D98AC12A1ECEA7B4004DBC29 /* AlbumTableViewController.swift */,
				CED3B5511ECA56C700D1FBD4 /* AppDelegate.swift */,
				CED3B5551ECA56C700D1FBD4 /* Main.storyboard */,
				D98AC1341ECF6B2A004DBC29 /* ModelManager.swift */,
				D98AC1361ED0FB42004DBC29 /* MusicAdapter.swift */,
				CED3B55B1ECA56C700D1FBD4 /* Assets.xcassets */,
				CED3B55D1ECA56C700D1FBD4 /* LaunchScreen.storyboard */,
				D98AC1381ED1FB11004DBC29 /* LoginViewController.swift */,
				CED3B5601ECA56C700D1FBD4 /* Info.plist */,
				D98AC1321ECF43BE004DBC29 /* PlaylistTableViewController.swift */,
				D93285E11ED4AFD600563A29 /* SongViewController.swift */,
				D93285DF1ED3DA7F00563A29 /* TabBarViewController.swift */,
				CE67DC331ECE486700151478 /* TuneWorld-Bridging-Header.h */,
				CED3B5581ECA56C700D1FBD4 /* TuneWorld.xcdatamodeld */,
				D98AC12C1ECEA7CE004DBC29 /* WorldMapViewController.swift */,
			);
			path = TuneWorld;
			sourceTree = "<group>";
		};
		CED3B5681ECA56C700D1FBD4 /* TuneWorldTests */ = {
			isa = PBXGroup;
			children = (
				CED3B5691ECA56C700D1FBD4 /* TuneWorldTests.swift */,
				CED3B56B1ECA56C700D1FBD4 /* Info.plist */,
			);
			path = TuneWorldTests;
			sourceTree = "<group>";
		};
		CED3B5731ECA56C700D1FBD4 /* TuneWorldUITests */ = {
			isa = PBXGroup;
			children = (
				CED3B5741ECA56C700D1FBD4 /* TuneWorldUITests.swift */,
				CED3B5761ECA56C700D1FBD4 /* Info.plist */,
			);
			path = TuneWorldUITests;
			sourceTree = "<group>";
		};
		E0AA23A6AA89F70A20BA0FBA /* Pods */ = {
			isa = PBXGroup;
			children = (
				7B7DF7B7DAF1EDBB523801D8 /* Pods-TuneWorld.debug.xcconfig */,
				D7ABD93CF9F57A6ADC0D0914 /* Pods-TuneWorld.release.xcconfig */,
				95A3C4FB9283990A9C1FD647 /* Pods-TuneWorldTests.debug.xcconfig */,
				8675A18A41A99C86AD69C205 /* Pods-TuneWorldTests.release.xcconfig */,
				2107E0F181242542AB233DA7 /* Pods-TuneWorldUITests.debug.xcconfig */,
				9D1A3EB6DAC9C5C4806FF122 /* Pods-TuneWorldUITests.release.xcconfig */,
			);
			name = Pods;
			sourceTree = "<group>";
		};
/* End PBXGroup section */

/* Begin PBXNativeTarget section */
		CED3B54D1ECA56C700D1FBD4 /* TuneWorld */ = {
			isa = PBXNativeTarget;
			buildConfigurationList = CED3B5791ECA56C700D1FBD4 /* Build configuration list for PBXNativeTarget "TuneWorld" */;
			buildPhases = (
				18E8A9C4B22951ADCEB0632B /* [CP] Check Pods Manifest.lock */,
				CED3B54A1ECA56C700D1FBD4 /* Sources */,
				CED3B54B1ECA56C700D1FBD4 /* Frameworks */,
				CED3B54C1ECA56C700D1FBD4 /* Resources */,
				E0C2AF3B0DFE37E5E0EFAD4A /* [CP] Embed Pods Frameworks */,
				1BC6F0E72C1682E0CE64897C /* [CP] Copy Pods Resources */,
			);
			buildRules = (
			);
			dependencies = (
			);
			name = TuneWorld;
			productName = TuneWorld;
			productReference = CED3B54E1ECA56C700D1FBD4 /* TuneWorld.app */;
			productType = "com.apple.product-type.application";
		};
		CED3B5641ECA56C700D1FBD4 /* TuneWorldTests */ = {
			isa = PBXNativeTarget;
			buildConfigurationList = CED3B57C1ECA56C700D1FBD4 /* Build configuration list for PBXNativeTarget "TuneWorldTests" */;
			buildPhases = (
				C196128CE08E4BCDAF41AA56 /* [CP] Check Pods Manifest.lock */,
				CED3B5611ECA56C700D1FBD4 /* Sources */,
				CED3B5621ECA56C700D1FBD4 /* Frameworks */,
				CED3B5631ECA56C700D1FBD4 /* Resources */,
				C5BE859468C315C9636F9BFE /* [CP] Embed Pods Frameworks */,
				AAA24E9C42BC5061B4CD198D /* [CP] Copy Pods Resources */,
			);
			buildRules = (
			);
			dependencies = (
				CED3B5671ECA56C700D1FBD4 /* PBXTargetDependency */,
			);
			name = TuneWorldTests;
			productName = TuneWorldTests;
			productReference = CED3B5651ECA56C700D1FBD4 /* TuneWorldTests.xctest */;
			productType = "com.apple.product-type.bundle.unit-test";
		};
		CED3B56F1ECA56C700D1FBD4 /* TuneWorldUITests */ = {
			isa = PBXNativeTarget;
			buildConfigurationList = CED3B57F1ECA56C700D1FBD4 /* Build configuration list for PBXNativeTarget "TuneWorldUITests" */;
			buildPhases = (
				29FEF52F6889CFF9F4A32E82 /* [CP] Check Pods Manifest.lock */,
				CED3B56C1ECA56C700D1FBD4 /* Sources */,
				CED3B56D1ECA56C700D1FBD4 /* Frameworks */,
				CED3B56E1ECA56C700D1FBD4 /* Resources */,
				F86B4608D135E29E93B71596 /* [CP] Embed Pods Frameworks */,
				E3CCEA6D3AB87AF055905857 /* [CP] Copy Pods Resources */,
			);
			buildRules = (
			);
			dependencies = (
				CED3B5721ECA56C700D1FBD4 /* PBXTargetDependency */,
			);
			name = TuneWorldUITests;
			productName = TuneWorldUITests;
			productReference = CED3B5701ECA56C700D1FBD4 /* TuneWorldUITests.xctest */;
			productType = "com.apple.product-type.bundle.ui-testing";
		};
/* End PBXNativeTarget section */

/* Begin PBXProject section */
		CED3B5461ECA56C700D1FBD4 /* Project object */ = {
			isa = PBXProject;
			attributes = {
				LastSwiftUpdateCheck = 0820;
				LastUpgradeCheck = 0820;
				ORGANIZATIONNAME = "Austin Tucker";
				TargetAttributes = {
					CED3B54D1ECA56C700D1FBD4 = {
						CreatedOnToolsVersion = 8.2;
						DevelopmentTeam = ZVWGFCY28P;
						ProvisioningStyle = Automatic;
					};
					CED3B5641ECA56C700D1FBD4 = {
						CreatedOnToolsVersion = 8.2;
						DevelopmentTeam = ZVWGFCY28P;
						ProvisioningStyle = Automatic;
						TestTargetID = CED3B54D1ECA56C700D1FBD4;
					};
					CED3B56F1ECA56C700D1FBD4 = {
						CreatedOnToolsVersion = 8.2;
						DevelopmentTeam = ZVWGFCY28P;
						ProvisioningStyle = Automatic;
						TestTargetID = CED3B54D1ECA56C700D1FBD4;
					};
				};
			};
			buildConfigurationList = CED3B5491ECA56C700D1FBD4 /* Build configuration list for PBXProject "TuneWorld" */;
			compatibilityVersion = "Xcode 3.2";
			developmentRegion = English;
			hasScannedForEncodings = 0;
			knownRegions = (
				en,
				Base,
			);
			mainGroup = CED3B5451ECA56C700D1FBD4;
			productRefGroup = CED3B54F1ECA56C700D1FBD4 /* Products */;
			projectDirPath = "";
			projectRoot = "";
			targets = (
				CED3B54D1ECA56C700D1FBD4 /* TuneWorld */,
				CED3B5641ECA56C700D1FBD4 /* TuneWorldTests */,
				CED3B56F1ECA56C700D1FBD4 /* TuneWorldUITests */,
			);
		};
/* End PBXProject section */

/* Begin PBXResourcesBuildPhase section */
		CED3B54C1ECA56C700D1FBD4 /* Resources */ = {
			isa = PBXResourcesBuildPhase;
			buildActionMask = 2147483647;
			files = (
				CED3B55F1ECA56C700D1FBD4 /* LaunchScreen.storyboard in Resources */,
				CED3B55C1ECA56C700D1FBD4 /* Assets.xcassets in Resources */,
				CED3B5571ECA56C700D1FBD4 /* Main.storyboard in Resources */,
			);
			runOnlyForDeploymentPostprocessing = 0;
		};
		CED3B5631ECA56C700D1FBD4 /* Resources */ = {
			isa = PBXResourcesBuildPhase;
			buildActionMask = 2147483647;
			files = (
			);
			runOnlyForDeploymentPostprocessing = 0;
		};
		CED3B56E1ECA56C700D1FBD4 /* Resources */ = {
			isa = PBXResourcesBuildPhase;
			buildActionMask = 2147483647;
			files = (
			);
			runOnlyForDeploymentPostprocessing = 0;
		};
/* End PBXResourcesBuildPhase section */

/* Begin PBXShellScriptBuildPhase section */
		18E8A9C4B22951ADCEB0632B /* [CP] Check Pods Manifest.lock */ = {
			isa = PBXShellScriptBuildPhase;
			buildActionMask = 2147483647;
			files = (
			);
			inputPaths = (
			);
			name = "[CP] Check Pods Manifest.lock";
			outputPaths = (
			);
			runOnlyForDeploymentPostprocessing = 0;
			shellPath = /bin/sh;
			shellScript = "diff \"${PODS_PODFILE_DIR_PATH}/Podfile.lock\" \"${PODS_ROOT}/Manifest.lock\" > /dev/null\nif [ $? != 0 ] ; then\n    # print error to STDERR\n    echo \"error: The sandbox is not in sync with the Podfile.lock. Run 'pod install' or update your CocoaPods installation.\" >&2\n    exit 1\nfi\n";
			showEnvVarsInLog = 0;
		};
		1BC6F0E72C1682E0CE64897C /* [CP] Copy Pods Resources */ = {
			isa = PBXShellScriptBuildPhase;
			buildActionMask = 2147483647;
			files = (
			);
			inputPaths = (
			);
			name = "[CP] Copy Pods Resources";
			outputPaths = (
			);
			runOnlyForDeploymentPostprocessing = 0;
			shellPath = /bin/sh;
			shellScript = "\"${SRCROOT}/Pods/Target Support Files/Pods-TuneWorld/Pods-TuneWorld-resources.sh\"\n";
			showEnvVarsInLog = 0;
		};
		29FEF52F6889CFF9F4A32E82 /* [CP] Check Pods Manifest.lock */ = {
			isa = PBXShellScriptBuildPhase;
			buildActionMask = 2147483647;
			files = (
			);
			inputPaths = (
			);
			name = "[CP] Check Pods Manifest.lock";
			outputPaths = (
			);
			runOnlyForDeploymentPostprocessing = 0;
			shellPath = /bin/sh;
			shellScript = "diff \"${PODS_PODFILE_DIR_PATH}/Podfile.lock\" \"${PODS_ROOT}/Manifest.lock\" > /dev/null\nif [ $? != 0 ] ; then\n    # print error to STDERR\n    echo \"error: The sandbox is not in sync with the Podfile.lock. Run 'pod install' or update your CocoaPods installation.\" >&2\n    exit 1\nfi\n";
			showEnvVarsInLog = 0;
		};
		AAA24E9C42BC5061B4CD198D /* [CP] Copy Pods Resources */ = {
			isa = PBXShellScriptBuildPhase;
			buildActionMask = 2147483647;
			files = (
			);
			inputPaths = (
			);
			name = "[CP] Copy Pods Resources";
			outputPaths = (
			);
			runOnlyForDeploymentPostprocessing = 0;
			shellPath = /bin/sh;
			shellScript = "\"${SRCROOT}/Pods/Target Support Files/Pods-TuneWorldTests/Pods-TuneWorldTests-resources.sh\"\n";
			showEnvVarsInLog = 0;
		};
		C196128CE08E4BCDAF41AA56 /* [CP] Check Pods Manifest.lock */ = {
			isa = PBXShellScriptBuildPhase;
			buildActionMask = 2147483647;
			files = (
			);
			inputPaths = (
			);
			name = "[CP] Check Pods Manifest.lock";
			outputPaths = (
			);
			runOnlyForDeploymentPostprocessing = 0;
			shellPath = /bin/sh;
			shellScript = "diff \"${PODS_PODFILE_DIR_PATH}/Podfile.lock\" \"${PODS_ROOT}/Manifest.lock\" > /dev/null\nif [ $? != 0 ] ; then\n    # print error to STDERR\n    echo \"error: The sandbox is not in sync with the Podfile.lock. Run 'pod install' or update your CocoaPods installation.\" >&2\n    exit 1\nfi\n";
			showEnvVarsInLog = 0;
		};
		C5BE859468C315C9636F9BFE /* [CP] Embed Pods Frameworks */ = {
			isa = PBXShellScriptBuildPhase;
			buildActionMask = 2147483647;
			files = (
			);
			inputPaths = (
			);
			name = "[CP] Embed Pods Frameworks";
			outputPaths = (
			);
			runOnlyForDeploymentPostprocessing = 0;
			shellPath = /bin/sh;
			shellScript = "\"${SRCROOT}/Pods/Target Support Files/Pods-TuneWorldTests/Pods-TuneWorldTests-frameworks.sh\"\n";
			showEnvVarsInLog = 0;
		};
		E0C2AF3B0DFE37E5E0EFAD4A /* [CP] Embed Pods Frameworks */ = {
			isa = PBXShellScriptBuildPhase;
			buildActionMask = 2147483647;
			files = (
			);
			inputPaths = (
			);
			name = "[CP] Embed Pods Frameworks";
			outputPaths = (
			);
			runOnlyForDeploymentPostprocessing = 0;
			shellPath = /bin/sh;
			shellScript = "\"${SRCROOT}/Pods/Target Support Files/Pods-TuneWorld/Pods-TuneWorld-frameworks.sh\"\n";
			showEnvVarsInLog = 0;
		};
		E3CCEA6D3AB87AF055905857 /* [CP] Copy Pods Resources */ = {
			isa = PBXShellScriptBuildPhase;
			buildActionMask = 2147483647;
			files = (
			);
			inputPaths = (
			);
			name = "[CP] Copy Pods Resources";
			outputPaths = (
			);
			runOnlyForDeploymentPostprocessing = 0;
			shellPath = /bin/sh;
			shellScript = "\"${SRCROOT}/Pods/Target Support Files/Pods-TuneWorldUITests/Pods-TuneWorldUITests-resources.sh\"\n";
			showEnvVarsInLog = 0;
		};
		F86B4608D135E29E93B71596 /* [CP] Embed Pods Frameworks */ = {
			isa = PBXShellScriptBuildPhase;
			buildActionMask = 2147483647;
			files = (
			);
			inputPaths = (
			);
			name = "[CP] Embed Pods Frameworks";
			outputPaths = (
			);
			runOnlyForDeploymentPostprocessing = 0;
			shellPath = /bin/sh;
			shellScript = "\"${SRCROOT}/Pods/Target Support Files/Pods-TuneWorldUITests/Pods-TuneWorldUITests-frameworks.sh\"\n";
			showEnvVarsInLog = 0;
		};
/* End PBXShellScriptBuildPhase section */

/* Begin PBXSourcesBuildPhase section */
		CED3B54A1ECA56C700D1FBD4 /* Sources */ = {
			isa = PBXSourcesBuildPhase;
			buildActionMask = 2147483647;
			files = (
				CED3B55A1ECA56C700D1FBD4 /* TuneWorld.xcdatamodeld in Sources */,
				D93285E01ED3DA7F00563A29 /* TabBarViewController.swift in Sources */,
				D98AC12B1ECEA7B4004DBC29 /* AlbumTableViewController.swift in Sources */,
				D98AC12D1ECEA7CE004DBC29 /* WorldMapViewController.swift in Sources */,
				D98AC1311ECF42D0004DBC29 /* AddPlaylistViewController.swift in Sources */,
				D98AC1351ECF6B2A004DBC29 /* ModelManager.swift in Sources */,
				CED3B5521ECA56C700D1FBD4 /* AppDelegate.swift in Sources */,
				D98AC1371ED0FB42004DBC29 /* MusicAdapter.swift in Sources */,
				D93285E21ED4AFD600563A29 /* SongViewController.swift in Sources */,
				D98AC1331ECF43BE004DBC29 /* PlaylistTableViewController.swift in Sources */,
				D98AC1391ED1FB11004DBC29 /* LoginViewController.swift in Sources */,
			);
			runOnlyForDeploymentPostprocessing = 0;
		};
		CED3B5611ECA56C700D1FBD4 /* Sources */ = {
			isa = PBXSourcesBuildPhase;
			buildActionMask = 2147483647;
			files = (
				CED3B56A1ECA56C700D1FBD4 /* TuneWorldTests.swift in Sources */,
			);
			runOnlyForDeploymentPostprocessing = 0;
		};
		CED3B56C1ECA56C700D1FBD4 /* Sources */ = {
			isa = PBXSourcesBuildPhase;
			buildActionMask = 2147483647;
			files = (
				CED3B5751ECA56C700D1FBD4 /* TuneWorldUITests.swift in Sources */,
			);
			runOnlyForDeploymentPostprocessing = 0;
		};
/* End PBXSourcesBuildPhase section */

/* Begin PBXTargetDependency section */
		CED3B5671ECA56C700D1FBD4 /* PBXTargetDependency */ = {
			isa = PBXTargetDependency;
			target = CED3B54D1ECA56C700D1FBD4 /* TuneWorld */;
			targetProxy = CED3B5661ECA56C700D1FBD4 /* PBXContainerItemProxy */;
		};
		CED3B5721ECA56C700D1FBD4 /* PBXTargetDependency */ = {
			isa = PBXTargetDependency;
			target = CED3B54D1ECA56C700D1FBD4 /* TuneWorld */;
			targetProxy = CED3B5711ECA56C700D1FBD4 /* PBXContainerItemProxy */;
		};
/* End PBXTargetDependency section */

/* Begin PBXVariantGroup section */
		CED3B5551ECA56C700D1FBD4 /* Main.storyboard */ = {
			isa = PBXVariantGroup;
			children = (
				CED3B5561ECA56C700D1FBD4 /* Base */,
			);
			name = Main.storyboard;
			sourceTree = "<group>";
		};
		CED3B55D1ECA56C700D1FBD4 /* LaunchScreen.storyboard */ = {
			isa = PBXVariantGroup;
			children = (
				CED3B55E1ECA56C700D1FBD4 /* Base */,
			);
			name = LaunchScreen.storyboard;
			sourceTree = "<group>";
		};
/* End PBXVariantGroup section */

/* Begin XCBuildConfiguration section */
		CED3B5771ECA56C700D1FBD4 /* Debug */ = {
			isa = XCBuildConfiguration;
			buildSettings = {
				ALWAYS_SEARCH_USER_PATHS = NO;
				CLANG_ANALYZER_NONNULL = YES;
				CLANG_CXX_LANGUAGE_STANDARD = "gnu++0x";
				CLANG_CXX_LIBRARY = "libc++";
				CLANG_ENABLE_MODULES = YES;
				CLANG_ENABLE_OBJC_ARC = YES;
				CLANG_WARN_BOOL_CONVERSION = YES;
				CLANG_WARN_CONSTANT_CONVERSION = YES;
				CLANG_WARN_DIRECT_OBJC_ISA_USAGE = YES_ERROR;
				CLANG_WARN_DOCUMENTATION_COMMENTS = YES;
				CLANG_WARN_EMPTY_BODY = YES;
				CLANG_WARN_ENUM_CONVERSION = YES;
				CLANG_WARN_INFINITE_RECURSION = YES;
				CLANG_WARN_INT_CONVERSION = YES;
				CLANG_WARN_OBJC_ROOT_CLASS = YES_ERROR;
				CLANG_WARN_SUSPICIOUS_MOVE = YES;
				CLANG_WARN_UNREACHABLE_CODE = YES;
				CLANG_WARN__DUPLICATE_METHOD_MATCH = YES;
				"CODE_SIGN_IDENTITY[sdk=iphoneos*]" = "iPhone Developer";
				COPY_PHASE_STRIP = NO;
				DEBUG_INFORMATION_FORMAT = dwarf;
				ENABLE_STRICT_OBJC_MSGSEND = YES;
				ENABLE_TESTABILITY = YES;
				GCC_C_LANGUAGE_STANDARD = gnu99;
				GCC_DYNAMIC_NO_PIC = NO;
				GCC_NO_COMMON_BLOCKS = YES;
				GCC_OPTIMIZATION_LEVEL = 0;
				GCC_PREPROCESSOR_DEFINITIONS = (
					"DEBUG=1",
					"$(inherited)",
				);
				GCC_WARN_64_TO_32_BIT_CONVERSION = YES;
				GCC_WARN_ABOUT_RETURN_TYPE = YES_ERROR;
				GCC_WARN_UNDECLARED_SELECTOR = YES;
				GCC_WARN_UNINITIALIZED_AUTOS = YES_AGGRESSIVE;
				GCC_WARN_UNUSED_FUNCTION = YES;
				GCC_WARN_UNUSED_VARIABLE = YES;
				IPHONEOS_DEPLOYMENT_TARGET = 10.2;
				MTL_ENABLE_DEBUG_INFO = YES;
				ONLY_ACTIVE_ARCH = YES;
				SDKROOT = iphoneos;
				SWIFT_ACTIVE_COMPILATION_CONDITIONS = DEBUG;
				SWIFT_OPTIMIZATION_LEVEL = "-Onone";
				TARGETED_DEVICE_FAMILY = "1,2";
			};
			name = Debug;
		};
		CED3B5781ECA56C700D1FBD4 /* Release */ = {
			isa = XCBuildConfiguration;
			buildSettings = {
				ALWAYS_SEARCH_USER_PATHS = NO;
				CLANG_ANALYZER_NONNULL = YES;
				CLANG_CXX_LANGUAGE_STANDARD = "gnu++0x";
				CLANG_CXX_LIBRARY = "libc++";
				CLANG_ENABLE_MODULES = YES;
				CLANG_ENABLE_OBJC_ARC = YES;
				CLANG_WARN_BOOL_CONVERSION = YES;
				CLANG_WARN_CONSTANT_CONVERSION = YES;
				CLANG_WARN_DIRECT_OBJC_ISA_USAGE = YES_ERROR;
				CLANG_WARN_DOCUMENTATION_COMMENTS = YES;
				CLANG_WARN_EMPTY_BODY = YES;
				CLANG_WARN_ENUM_CONVERSION = YES;
				CLANG_WARN_INFINITE_RECURSION = YES;
				CLANG_WARN_INT_CONVERSION = YES;
				CLANG_WARN_OBJC_ROOT_CLASS = YES_ERROR;
				CLANG_WARN_SUSPICIOUS_MOVE = YES;
				CLANG_WARN_UNREACHABLE_CODE = YES;
				CLANG_WARN__DUPLICATE_METHOD_MATCH = YES;
				"CODE_SIGN_IDENTITY[sdk=iphoneos*]" = "iPhone Developer";
				COPY_PHASE_STRIP = NO;
				DEBUG_INFORMATION_FORMAT = "dwarf-with-dsym";
				ENABLE_NS_ASSERTIONS = NO;
				ENABLE_STRICT_OBJC_MSGSEND = YES;
				GCC_C_LANGUAGE_STANDARD = gnu99;
				GCC_NO_COMMON_BLOCKS = YES;
				GCC_WARN_64_TO_32_BIT_CONVERSION = YES;
				GCC_WARN_ABOUT_RETURN_TYPE = YES_ERROR;
				GCC_WARN_UNDECLARED_SELECTOR = YES;
				GCC_WARN_UNINITIALIZED_AUTOS = YES_AGGRESSIVE;
				GCC_WARN_UNUSED_FUNCTION = YES;
				GCC_WARN_UNUSED_VARIABLE = YES;
				IPHONEOS_DEPLOYMENT_TARGET = 10.2;
				MTL_ENABLE_DEBUG_INFO = NO;
				SDKROOT = iphoneos;
				SWIFT_OPTIMIZATION_LEVEL = "-Owholemodule";
				TARGETED_DEVICE_FAMILY = "1,2";
				VALIDATE_PRODUCT = YES;
			};
			name = Release;
		};
		CED3B57A1ECA56C700D1FBD4 /* Debug */ = {
			isa = XCBuildConfiguration;
			baseConfigurationReference = 7B7DF7B7DAF1EDBB523801D8 /* Pods-TuneWorld.debug.xcconfig */;
			buildSettings = {
				ASSETCATALOG_COMPILER_APPICON_NAME = AppIcon;
				DEVELOPMENT_TEAM = ZVWGFCY28P;
				FRAMEWORK_SEARCH_PATHS = (
					"$(inherited)",
					"$(PROJECT_DIR)",
				);
				INFOPLIST_FILE = TuneWorld/Info.plist;
				LD_RUNPATH_SEARCH_PATHS = "$(inherited) @executable_path/Frameworks";
				OTHER_LDFLAGS = (
					"$(inherited)",
					"-ObjC",
				);
				PRODUCT_BUNDLE_IDENTIFIER = com.austintucker.TuneWorld;
				PRODUCT_NAME = "$(TARGET_NAME)";
				SWIFT_OBJC_BRIDGING_HEADER = "./TuneWorld/TuneWorld-Bridging-Header.h";
				SWIFT_VERSION = 3.0;
			};
			name = Debug;
		};
		CED3B57B1ECA56C700D1FBD4 /* Release */ = {
			isa = XCBuildConfiguration;
			baseConfigurationReference = D7ABD93CF9F57A6ADC0D0914 /* Pods-TuneWorld.release.xcconfig */;
			buildSettings = {
				ASSETCATALOG_COMPILER_APPICON_NAME = AppIcon;
				DEVELOPMENT_TEAM = ZVWGFCY28P;
				FRAMEWORK_SEARCH_PATHS = (
					"$(inherited)",
					"$(PROJECT_DIR)",
				);
				INFOPLIST_FILE = TuneWorld/Info.plist;
				LD_RUNPATH_SEARCH_PATHS = "$(inherited) @executable_path/Frameworks";
				OTHER_LDFLAGS = (
					"$(inherited)",
					"-ObjC",
				);
				PRODUCT_BUNDLE_IDENTIFIER = com.austintucker.TuneWorld;
				PRODUCT_NAME = "$(TARGET_NAME)";
				SWIFT_OBJC_BRIDGING_HEADER = "./TuneWorld/TuneWorld-Bridging-Header.h";
				SWIFT_VERSION = 3.0;
			};
			name = Release;
		};
		CED3B57D1ECA56C700D1FBD4 /* Debug */ = {
			isa = XCBuildConfiguration;
			baseConfigurationReference = 95A3C4FB9283990A9C1FD647 /* Pods-TuneWorldTests.debug.xcconfig */;
			buildSettings = {
				ALWAYS_EMBED_SWIFT_STANDARD_LIBRARIES = YES;
				BUNDLE_LOADER = "$(TEST_HOST)";
				DEVELOPMENT_TEAM = ZVWGFCY28P;
				INFOPLIST_FILE = TuneWorldTests/Info.plist;
				LD_RUNPATH_SEARCH_PATHS = "$(inherited) @executable_path/Frameworks @loader_path/Frameworks";
				PRODUCT_BUNDLE_IDENTIFIER = austintucker.TuneWorldTests;
				PRODUCT_NAME = "$(TARGET_NAME)";
				SWIFT_VERSION = 3.0;
				TEST_HOST = "$(BUILT_PRODUCTS_DIR)/TuneWorld.app/TuneWorld";
			};
			name = Debug;
		};
		CED3B57E1ECA56C700D1FBD4 /* Release */ = {
			isa = XCBuildConfiguration;
			baseConfigurationReference = 8675A18A41A99C86AD69C205 /* Pods-TuneWorldTests.release.xcconfig */;
			buildSettings = {
				ALWAYS_EMBED_SWIFT_STANDARD_LIBRARIES = YES;
				BUNDLE_LOADER = "$(TEST_HOST)";
				DEVELOPMENT_TEAM = ZVWGFCY28P;
				INFOPLIST_FILE = TuneWorldTests/Info.plist;
				LD_RUNPATH_SEARCH_PATHS = "$(inherited) @executable_path/Frameworks @loader_path/Frameworks";
				PRODUCT_BUNDLE_IDENTIFIER = austintucker.TuneWorldTests;
				PRODUCT_NAME = "$(TARGET_NAME)";
				SWIFT_VERSION = 3.0;
				TEST_HOST = "$(BUILT_PRODUCTS_DIR)/TuneWorld.app/TuneWorld";
			};
			name = Release;
		};
		CED3B5801ECA56C700D1FBD4 /* Debug */ = {
			isa = XCBuildConfiguration;
			baseConfigurationReference = 2107E0F181242542AB233DA7 /* Pods-TuneWorldUITests.debug.xcconfig */;
			buildSettings = {
				ALWAYS_EMBED_SWIFT_STANDARD_LIBRARIES = YES;
				DEVELOPMENT_TEAM = ZVWGFCY28P;
				INFOPLIST_FILE = TuneWorldUITests/Info.plist;
				LD_RUNPATH_SEARCH_PATHS = "$(inherited) @executable_path/Frameworks @loader_path/Frameworks";
				PRODUCT_BUNDLE_IDENTIFIER = austintucker.TuneWorldUITests;
				PRODUCT_NAME = "$(TARGET_NAME)";
				SWIFT_VERSION = 3.0;
				TEST_TARGET_NAME = TuneWorld;
			};
			name = Debug;
		};
		CED3B5811ECA56C700D1FBD4 /* Release */ = {
			isa = XCBuildConfiguration;
			baseConfigurationReference = 9D1A3EB6DAC9C5C4806FF122 /* Pods-TuneWorldUITests.release.xcconfig */;
			buildSettings = {
				ALWAYS_EMBED_SWIFT_STANDARD_LIBRARIES = YES;
				DEVELOPMENT_TEAM = ZVWGFCY28P;
				INFOPLIST_FILE = TuneWorldUITests/Info.plist;
				LD_RUNPATH_SEARCH_PATHS = "$(inherited) @executable_path/Frameworks @loader_path/Frameworks";
				PRODUCT_BUNDLE_IDENTIFIER = austintucker.TuneWorldUITests;
				PRODUCT_NAME = "$(TARGET_NAME)";
				SWIFT_VERSION = 3.0;
				TEST_TARGET_NAME = TuneWorld;
			};
			name = Release;
		};
/* End XCBuildConfiguration section */

/* Begin XCConfigurationList section */
		CED3B5491ECA56C700D1FBD4 /* Build configuration list for PBXProject "TuneWorld" */ = {
			isa = XCConfigurationList;
			buildConfigurations = (
				CED3B5771ECA56C700D1FBD4 /* Debug */,
				CED3B5781ECA56C700D1FBD4 /* Release */,
			);
			defaultConfigurationIsVisible = 0;
			defaultConfigurationName = Release;
		};
		CED3B5791ECA56C700D1FBD4 /* Build configuration list for PBXNativeTarget "TuneWorld" */ = {
			isa = XCConfigurationList;
			buildConfigurations = (
				CED3B57A1ECA56C700D1FBD4 /* Debug */,
				CED3B57B1ECA56C700D1FBD4 /* Release */,
			);
			defaultConfigurationIsVisible = 0;
			defaultConfigurationName = Release;
		};
		CED3B57C1ECA56C700D1FBD4 /* Build configuration list for PBXNativeTarget "TuneWorldTests" */ = {
			isa = XCConfigurationList;
			buildConfigurations = (
				CED3B57D1ECA56C700D1FBD4 /* Debug */,
				CED3B57E1ECA56C700D1FBD4 /* Release */,
			);
			defaultConfigurationIsVisible = 0;
			defaultConfigurationName = Release;
		};
		CED3B57F1ECA56C700D1FBD4 /* Build configuration list for PBXNativeTarget "TuneWorldUITests" */ = {
			isa = XCConfigurationList;
			buildConfigurations = (
				CED3B5801ECA56C700D1FBD4 /* Debug */,
				CED3B5811ECA56C700D1FBD4 /* Release */,
			);
			defaultConfigurationIsVisible = 0;
			defaultConfigurationName = Release;
		};
/* End XCConfigurationList section */

/* Begin XCVersionGroup section */
		CED3B5581ECA56C700D1FBD4 /* TuneWorld.xcdatamodeld */ = {
			isa = XCVersionGroup;
			children = (
				D97AE0241ED68B76006F3CE3 /* TuneWorld_Updated.xcdatamodel */,
				CED3B5591ECA56C700D1FBD4 /* TuneWorld.xcdatamodel */,
			);
			currentVersion = D97AE0241ED68B76006F3CE3 /* TuneWorld_Updated.xcdatamodel */;
			path = TuneWorld.xcdatamodeld;
			sourceTree = "<group>";
			versionGroupType = wrapper.xcdatamodel;
		};
/* End XCVersionGroup section */
	};
	rootObject = CED3B5461ECA56C700D1FBD4 /* Project object */;
}
